// !$*UTF8*$!
{
	archiveVersion = 1;
	classes = {
	};
	objectVersion = 46;
	objects = {

/* Begin PBXBuildFile section */
		D92475341E61D6DE00E0ED31 /* AppDelegate.swift in Sources */ = {isa = PBXBuildFile; fileRef = D92475331E61D6DE00E0ED31 /* AppDelegate.swift */; };
		D92475361E61D6DE00E0ED31 /* ViewController.swift in Sources */ = {isa = PBXBuildFile; fileRef = D92475351E61D6DE00E0ED31 /* ViewController.swift */; };
		D92475391E61D6DE00E0ED31 /* Main.storyboard in Resources */ = {isa = PBXBuildFile; fileRef = D92475371E61D6DE00E0ED31 /* Main.storyboard */; };
		D924753B1E61D6DE00E0ED31 /* Assets.xcassets in Resources */ = {isa = PBXBuildFile; fileRef = D924753A1E61D6DE00E0ED31 /* Assets.xcassets */; };
		D924753E1E61D6DE00E0ED31 /* LaunchScreen.storyboard in Resources */ = {isa = PBXBuildFile; fileRef = D924753C1E61D6DE00E0ED31 /* LaunchScreen.storyboard */; };
		D92F2B0D1E62A27B00AF925F /* ZxSecure.swift in Sources */ = {isa = PBXBuildFile; fileRef = D92F2B0B1E62A27B00AF925F /* ZxSecure.swift */; };
		D92F2B0E1E62A27B00AF925F /* ZxSecureView.swift in Sources */ = {isa = PBXBuildFile; fileRef = D92F2B0C1E62A27B00AF925F /* ZxSecureView.swift */; };
		D92F2B121E62A2D700AF925F /* ZxBlur.swift in Sources */ = {isa = PBXBuildFile; fileRef = D92F2B111E62A2D700AF925F /* ZxBlur.swift */; };
/* End PBXBuildFile section */

/* Begin PBXFileReference section */
		D92475301E61D6DE00E0ED31 /* ZxBlur.app */ = {isa = PBXFileReference; explicitFileType = wrapper.application; includeInIndex = 0; path = ZxBlur.app; sourceTree = BUILT_PRODUCTS_DIR; };
		D92475331E61D6DE00E0ED31 /* AppDelegate.swift */ = {isa = PBXFileReference; lastKnownFileType = sourcecode.swift; path = AppDelegate.swift; sourceTree = "<group>"; };
		D92475351E61D6DE00E0ED31 /* ViewController.swift */ = {isa = PBXFileReference; lastKnownFileType = sourcecode.swift; path = ViewController.swift; sourceTree = "<group>"; };
		D92475381E61D6DE00E0ED31 /* Base */ = {isa = PBXFileReference; lastKnownFileType = file.storyboard; name = Base; path = Base.lproj/Main.storyboard; sourceTree = "<group>"; };
		D924753A1E61D6DE00E0ED31 /* Assets.xcassets */ = {isa = PBXFileReference; lastKnownFileType = folder.assetcatalog; name = Assets.xcassets; path = ../Assets.xcassets; sourceTree = "<group>"; };
		D924753D1E61D6DE00E0ED31 /* Base */ = {isa = PBXFileReference; lastKnownFileType = file.storyboard; name = Base; path = Base.lproj/LaunchScreen.storyboard; sourceTree = "<group>"; };
		D924753F1E61D6DE00E0ED31 /* Info.plist */ = {isa = PBXFileReference; lastKnownFileType = text.plist.xml; name = Info.plist; path = ../Info.plist; sourceTree = "<group>"; };
		D92F2B0B1E62A27B00AF925F /* ZxSecure.swift */ = {isa = PBXFileReference; fileEncoding = 4; lastKnownFileType = sourcecode.swift; path = ZxSecure.swift; sourceTree = "<group>"; };
		D92F2B0C1E62A27B00AF925F /* ZxSecureView.swift */ = {isa = PBXFileReference; fileEncoding = 4; lastKnownFileType = sourcecode.swift; path = ZxSecureView.swift; sourceTree = "<group>"; };
		D92F2B111E62A2D700AF925F /* ZxBlur.swift */ = {isa = PBXFileReference; fileEncoding = 4; lastKnownFileType = sourcecode.swift; path = ZxBlur.swift; sourceTree = "<group>"; };
/* End PBXFileReference section */

/* Begin PBXFrameworksBuildPhase section */
		D924752D1E61D6DD00E0ED31 /* Frameworks */ = {
			isa = PBXFrameworksBuildPhase;
			buildActionMask = 2147483647;
			files = (
			);
			runOnlyForDeploymentPostprocessing = 0;
		};
/* End PBXFrameworksBuildPhase section */

/* Begin PBXGroup section */
		D92475271E61D6DD00E0ED31 = {
			isa = PBXGroup;
			children = (
				D92475321E61D6DE00E0ED31 /* ZxBlur */,
				D92475311E61D6DE00E0ED31 /* Products */,
			);
			sourceTree = "<group>";
		};
		D92475311E61D6DE00E0ED31 /* Products */ = {
			isa = PBXGroup;
			children = (
				D92475301E61D6DE00E0ED31 /* ZxBlur.app */,
			);
			name = Products;
			sourceTree = "<group>";
		};
		D92475321E61D6DE00E0ED31 /* ZxBlur */ = {
			isa = PBXGroup;
			children = (
				D92475331E61D6DE00E0ED31 /* AppDelegate.swift */,
				D92475351E61D6DE00E0ED31 /* ViewController.swift */,
				D92F2B101E62A2BC00AF925F /* Blur Tool */,
				D92F2B0A1E62A26200AF925F /* Blur Secure */,
				D92F2B0F1E62A2A200AF925F /* Support Files */,
			);
			path = ZxBlur;
			sourceTree = "<group>";
		};
		D92F2B0A1E62A26200AF925F /* Blur Secure */ = {
			isa = PBXGroup;
			children = (
				D92F2B0B1E62A27B00AF925F /* ZxSecure.swift */,
				D92F2B0C1E62A27B00AF925F /* ZxSecureView.swift */,
			);
			path = "Blur Secure";
			sourceTree = "<group>";
		};
		D92F2B0F1E62A2A200AF925F /* Support Files */ = {
			isa = PBXGroup;
			children = (
				D92475371E61D6DE00E0ED31 /* Main.storyboard */,
				D924753A1E61D6DE00E0ED31 /* Assets.xcassets */,
				D924753C1E61D6DE00E0ED31 /* LaunchScreen.storyboard */,
				D924753F1E61D6DE00E0ED31 /* Info.plist */,
			);
			path = "Support Files";
			sourceTree = "<group>";
		};
		D92F2B101E62A2BC00AF925F /* Blur Tool */ = {
			isa = PBXGroup;
			children = (
				D92F2B111E62A2D700AF925F /* ZxBlur.swift */,
			);
			path = "Blur Tool";
			sourceTree = "<group>";
		};
/* End PBXGroup section */

/* Begin PBXNativeTarget section */
		D924752F1E61D6DD00E0ED31 /* ZxBlur */ = {
			isa = PBXNativeTarget;
			buildConfigurationList = D92475421E61D6DE00E0ED31 /* Build configuration list for PBXNativeTarget "ZxBlur" */;
			buildPhases = (
				D924752C1E61D6DD00E0ED31 /* Sources */,
				D924752D1E61D6DD00E0ED31 /* Frameworks */,
				D924752E1E61D6DD00E0ED31 /* Resources */,
			);
			buildRules = (
			);
			dependencies = (
			);
			name = ZxBlur;
			productName = ZxBlur;
			productReference = D92475301E61D6DE00E0ED31 /* ZxBlur.app */;
			productType = "com.apple.product-type.application";
		};
/* End PBXNativeTarget section */

/* Begin PBXProject section */
		D92475281E61D6DD00E0ED31 /* Project object */ = {
			isa = PBXProject;
			attributes = {
				CLASSPREFIX = Zx;
				LastSwiftUpdateCheck = 0820;
				LastUpgradeCheck = 0820;
				ORGANIZATIONNAME = "zhi zhou";
				TargetAttributes = {
					D924752F1E61D6DD00E0ED31 = {
						CreatedOnToolsVersion = 8.2.1;
						DevelopmentTeam = 4UH48N8U4B;
						ProvisioningStyle = Automatic;
					};
				};
			};
			buildConfigurationList = D924752B1E61D6DD00E0ED31 /* Build configuration list for PBXProject "ZxBlur" */;
			compatibilityVersion = "Xcode 3.2";
			developmentRegion = English;
			hasScannedForEncodings = 0;
			knownRegions = (
				en,
				Base,
			);
			mainGroup = D92475271E61D6DD00E0ED31;
			productRefGroup = D92475311E61D6DE00E0ED31 /* Products */;
			projectDirPath = "";
			projectRoot = "";
			targets = (
				D924752F1E61D6DD00E0ED31 /* ZxBlur */,
			);
		};
/* End PBXProject section */

/* Begin PBXResourcesBuildPhase section */
		D924752E1E61D6DD00E0ED31 /* Resources */ = {
			isa = PBXResourcesBuildPhase;
			buildActionMask = 2147483647;
			files = (
				D924753E1E61D6DE00E0ED31 /* LaunchScreen.storyboard in Resources */,
				D924753B1E61D6DE00E0ED31 /* Assets.xcassets in Resources */,
				D92475391E61D6DE00E0ED31 /* Main.storyboard in Resources */,
			);
			runOnlyForDeploymentPostprocessing = 0;
		};
/* End PBXResourcesBuildPhase section */

/* Begin PBXSourcesBuildPhase section */
		D924752C1E61D6DD00E0ED31 /* Sources */ = {
			isa = PBXSourcesBuildPhase;
			buildActionMask = 2147483647;
			files = (
				D92475361E61D6DE00E0ED31 /* ViewController.swift in Sources */,
				D92F2B0E1E62A27B00AF925F /* ZxSecureView.swift in Sources */,
				D92F2B121E62A2D700AF925F /* ZxBlur.swift in Sources */,
				D92475341E61D6DE00E0ED31 /* AppDelegate.swift in Sources */,
				D92F2B0D1E62A27B00AF925F /* ZxSecure.swift in Sources */,
			);
			runOnlyForDeploymentPostprocessing = 0;
		};
/* End PBXSourcesBuildPhase section */

/* Begin PBXVariantGroup section */
		D92475371E61D6DE00E0ED31 /* Main.storyboard */ = {
			isa = PBXVariantGroup;
			children = (
				D92475381E61D6DE00E0ED31 /* Base */,
			);
			name = Main.storyboard;
			path = ..;
			sourceTree = "<group>";
		};
		D924753C1E61D6DE00E0ED31 /* LaunchScreen.storyboard */ = {
			isa = PBXVariantGroup;
			children = (
				D924753D1E61D6DE00E0ED31 /* Base */,
			);
			name = LaunchScreen.storyboard;
			path = ..;
			sourceTree = "<group>";
		};
/* End PBXVariantGroup section */

/* Begin XCBuildConfiguration section */
		D92475401E61D6DE00E0ED31 /* Debug */ = {
			isa = XCBuildConfiguration;
			buildSettings = {
				ALWAYS_SEARCH_USER_PATHS = NO;
				CLANG_ANALYZER_NONNULL = YES;
				CLANG_CXX_LANGUAGE_STANDARD = "gnu++0x";
				CLANG_CXX_LIBRARY = "libc++";
				CLANG_ENABLE_MODULES = YES;
				CLANG_ENABLE_OBJC_ARC = YES;
				CLANG_WARN_BOOL_CONVERSION = YES;
				CLANG_WARN_CONSTANT_CONVERSION = YES;
				CLANG_WARN_DIRECT_OBJC_ISA_USAGE = YES_ERROR;
				CLANG_WARN_DOCUMENTATION_COMMENTS = YES;
				CLANG_WARN_EMPTY_BODY = YES;
				CLANG_WARN_ENUM_CONVERSION = YES;
				CLANG_WARN_INFINITE_RECURSION = YES;
				CLANG_WARN_INT_CONVERSION = YES;
				CLANG_WARN_OBJC_ROOT_CLASS = YES_ERROR;
				CLANG_WARN_SUSPICIOUS_MOVE = YES;
				CLANG_WARN_UNREACHABLE_CODE = YES;
				CLANG_WARN__DUPLICATE_METHOD_MATCH = YES;
				"CODE_SIGN_IDENTITY[sdk=iphoneos*]" = "iPhone Developer";
				COPY_PHASE_STRIP = NO;
				DEBUG_INFORMATION_FORMAT = dwarf;
				ENABLE_STRICT_OBJC_MSGSEND = YES;
				ENABLE_TESTABILITY = YES;
				GCC_C_LANGUAGE_STANDARD = gnu99;
				GCC_DYNAMIC_NO_PIC = NO;
				GCC_NO_COMMON_BLOCKS = YES;
				GCC_OPTIMIZATION_LEVEL = 0;
				GCC_PREPROCESSOR_DEFINITIONS = (
					"DEBUG=1",
					"$(inherited)",
				);
				GCC_WARN_64_TO_32_BIT_CONVERSION = YES;
				GCC_WARN_ABOUT_RETURN_TYPE = YES_ERROR;
				GCC_WARN_UNDECLARED_SELECTOR = YES;
				GCC_WARN_UNINITIALIZED_AUTOS = YES_AGGRESSIVE;
				GCC_WARN_UNUSED_FUNCTION = YES;
				GCC_WARN_UNUSED_VARIABLE = YES;
				IPHONEOS_DEPLOYMENT_TARGET = 10.2;
				MTL_ENABLE_DEBUG_INFO = YES;
				ONLY_ACTIVE_ARCH = YES;
				SDKROOT = iphoneos;
				SWIFT_ACTIVE_COMPILATION_CONDITIONS = DEBUG;
				SWIFT_OPTIMIZATION_LEVEL = "-Onone";
			};
			name = Debug;
		};
		D92475411E61D6DE00E0ED31 /* Release */ = {
			isa = XCBuildConfiguration;
			buildSettings = {
				ALWAYS_SEARCH_USER_PATHS = NO;
				CLANG_ANALYZER_NONNULL = YES;
				CLANG_CXX_LANGUAGE_STANDARD = "gnu++0x";
				CLANG_CXX_LIBRARY = "libc++";
				CLANG_ENABLE_MODULES = YES;
				CLANG_ENABLE_OBJC_ARC = YES;
				CLANG_WARN_BOOL_CONVERSION = YES;
				CLANG_WARN_CONSTANT_CONVERSION = YES;
				CLANG_WARN_DIRECT_OBJC_ISA_USAGE = YES_ERROR;
				CLANG_WARN_DOCUMENTATION_COMMENTS = YES;
				CLANG_WARN_EMPTY_BODY = YES;
				CLANG_WARN_ENUM_CONVERSION = YES;
				CLANG_WARN_INFINITE_RECURSION = YES;
				CLANG_WARN_INT_CONVERSION = YES;
				CLANG_WARN_OBJC_ROOT_CLASS = YES_ERROR;
				CLANG_WARN_SUSPICIOUS_MOVE = YES;
				CLANG_WARN_UNREACHABLE_CODE = YES;
				CLANG_WARN__DUPLICATE_METHOD_MATCH = YES;
				"CODE_SIGN_IDENTITY[sdk=iphoneos*]" = "iPhone Developer";
				COPY_PHASE_STRIP = NO;
				DEBUG_INFORMATION_FORMAT = "dwarf-with-dsym";
				ENABLE_NS_ASSERTIONS = NO;
				ENABLE_STRICT_OBJC_MSGSEND = YES;
				GCC_C_LANGUAGE_STANDARD = gnu99;
				GCC_NO_COMMON_BLOCKS = YES;
				GCC_WARN_64_TO_32_BIT_CONVERSION = YES;
				GCC_WARN_ABOUT_RETURN_TYPE = YES_ERROR;
				GCC_WARN_UNDECLARED_SELECTOR = YES;
				GCC_WARN_UNINITIALIZED_AUTOS = YES_AGGRESSIVE;
				GCC_WARN_UNUSED_FUNCTION = YES;
				GCC_WARN_UNUSED_VARIABLE = YES;
				IPHONEOS_DEPLOYMENT_TARGET = 10.2;
				MTL_ENABLE_DEBUG_INFO = NO;
				SDKROOT = iphoneos;
				SWIFT_OPTIMIZATION_LEVEL = "-Owholemodule";
				VALIDATE_PRODUCT = YES;
			};
			name = Release;
		};
		D92475431E61D6DE00E0ED31 /* Debug */ = {
			isa = XCBuildConfiguration;
			buildSettings = {
				ASSETCATALOG_COMPILER_APPICON_NAME = AppIcon;
				DEVELOPMENT_TEAM = 4UH48N8U4B;
				INFOPLIST_FILE = ZxBlur/Info.plist;
				LD_RUNPATH_SEARCH_PATHS = "$(inherited) @executable_path/Frameworks";
				PRODUCT_BUNDLE_IDENTIFIER = com.zhi.ZxBlur;
				PRODUCT_NAME = "$(TARGET_NAME)";
				SWIFT_VERSION = 3.0;
			};
			name = Debug;
		};
		D92475441E61D6DE00E0ED31 /* Release */ = {
			isa = XCBuildConfiguration;
			buildSettings = {
				ASSETCATALOG_COMPILER_APPICON_NAME = AppIcon;
				DEVELOPMENT_TEAM = 4UH48N8U4B;
				INFOPLIST_FILE = ZxBlur/Info.plist;
				LD_RUNPATH_SEARCH_PATHS = "$(inherited) @executable_path/Frameworks";
				PRODUCT_BUNDLE_IDENTIFIER = com.zhi.ZxBlur;
				PRODUCT_NAME = "$(TARGET_NAME)";
				SWIFT_VERSION = 3.0;
			};
			name = Release;
		};
/* End XCBuildConfiguration section */

/* Begin XCConfigurationList section */
		D924752B1E61D6DD00E0ED31 /* Build configuration list for PBXProject "ZxBlur" */ = {
			isa = XCConfigurationList;
			buildConfigurations = (
				D92475401E61D6DE00E0ED31 /* Debug */,
				D92475411E61D6DE00E0ED31 /* Release */,
			);
			defaultConfigurationIsVisible = 0;
			defaultConfigurationName = Release;
		};
		D92475421E61D6DE00E0ED31 /* Build configuration list for PBXNativeTarget "ZxBlur" */ = {
			isa = XCConfigurationList;
			buildConfigurations = (
				D92475431E61D6DE00E0ED31 /* Debug */,
				D92475441E61D6DE00E0ED31 /* Release */,
			);
			defaultConfigurationIsVisible = 0;
			defaultConfigurationName = Release;
		};
/* End XCConfigurationList section */
	};
	rootObject = D92475281E61D6DD00E0ED31 /* Project object */;
}
